
Microsoft Visual Studio Solution File, Format Version 12.00
# Visual Studio Version 17
VisualStudioVersion = 17.11.35303.130
MinimumVisualStudioVersion = 10.0.40219.1
Project("{2150E333-8FDC-42A3-9474-1A3956D46DE8}") = "Task0", "Task0", "{69BA6DCC-4BE8-4A99-977C-63FF8EC72090}"
EndProject
Project("{9A19103F-16F7-4668-BE54-9A1E7A4F7556}") = "Tyuiu.BushlyaYaV.Sprint2.Task0.V20", "Tyuiu.BushlyaYaV.Sprint2.Task0.V20\Tyuiu.BushlyaYaV.Sprint2.Task0.V20.csproj", "{88A5E3D6-D5A1-4410-A671-D8F1525D0F0C}"
EndProject
Project("{9A19103F-16F7-4668-BE54-9A1E7A4F7556}") = "Tyuiu.BushlyaYaV.Sprint2.Task0.V20.Lib", "Tyuiu.BushlyaYaV.Sprint2.Task0.V20.Lib\Tyuiu.BushlyaYaV.Sprint2.Task0.V20.Lib.csproj", "{5E7BF65F-1712-4C56-B5A3-D349A9185F32}"
EndProject
Project("{9A19103F-16F7-4668-BE54-9A1E7A4F7556}") = "Tyuiu.BushlyaYaV.Sprint2.Task0.V20.Test", "Tyuiu.BushlyaYaV.Sprint2.Task0.V20.Test\Tyuiu.BushlyaYaV.Sprint2.Task0.V20.Test.csproj", "{981D1B9E-E865-45B9-83B9-F90B378F189D}"
EndProject
Project("{2150E333-8FDC-42A3-9474-1A3956D46DE8}") = "Task1", "Task1", "{EB4EED98-C35D-4836-AACF-E43E7B1B2C09}"
EndProject
Project("{9A19103F-16F7-4668-BE54-9A1E7A4F7556}") = "Tyuiu.BushlyaYaV.Sprint2.Task1.V8", "Tyuiu.BushlyaYaV.Sprint2.Task1.V8\Tyuiu.BushlyaYaV.Sprint2.Task1.V8.csproj", "{FCDE5E18-5F15-4AB1-B9E5-256D6937C905}"
EndProject
Project("{9A19103F-16F7-4668-BE54-9A1E7A4F7556}") = "Tyuiu.BushlyaYaV.Sprint2.Task1.V8.Lib", "Tyuiu.BushlyaYaV.Sprint2.Task1.V8.Lib\Tyuiu.BushlyaYaV.Sprint2.Task1.V8.Lib.csproj", "{442DBF8C-11BD-489A-8D98-E6A5878CF752}"
EndProject
Project("{9A19103F-16F7-4668-BE54-9A1E7A4F7556}") = "Tyuiu.BushlyaYaV.Sprint2.Task1.V8.Test", "Tyuiu.BushlyaYaV.Sprint2.Task1.V8.Test\Tyuiu.BushlyaYaV.Sprint2.Task1.V8.Test.csproj", "{9A43BC54-308D-4B3B-92BF-B23BC8206E36}"
EndProject
Project("{2150E333-8FDC-42A3-9474-1A3956D46DE8}") = "Task2", "Task2", "{87673A2E-41D2-4775-AB19-07895E486415}"
EndProject
Project("{9A19103F-16F7-4668-BE54-9A1E7A4F7556}") = "Tyuiu.BushlyaYaV.Sprint2.Task2.V4", "Tyuiu.BushlyaYaV.Sprint2.Task2.V4\Tyuiu.BushlyaYaV.Sprint2.Task2.V4.csproj", "{B47B01B5-0B27-4F37-BC71-811E200342FA}"
EndProject
Project("{9A19103F-16F7-4668-BE54-9A1E7A4F7556}") = "Tyuiu.BushlyaYaV.Sprint2.Task2.V4.Lib", "Tyuiu.BushlyaYaV.Sprint2.Task2.V4.Lib\Tyuiu.BushlyaYaV.Sprint2.Task2.V4.Lib.csproj", "{3A9D4852-CE9F-42B2-888F-162ACD3256B3}"
EndProject
Project("{9A19103F-16F7-4668-BE54-9A1E7A4F7556}") = "Tyuiu.BushlyaYaV.Sprint2.Task2.V4.Test", "Tyuiu.BushlyaYaV.Sprint2.Task2.V4.Test\Tyuiu.BushlyaYaV.Sprint2.Task2.V4.Test.csproj", "{5E5C2865-3B64-4C9B-9787-3EB11236544C}"
EndProject
Project("{2150E333-8FDC-42A3-9474-1A3956D46DE8}") = "Task3", "Task3", "{1505AB96-F546-4D76-876B-C6527B917B77}"
EndProject
Project("{9A19103F-16F7-4668-BE54-9A1E7A4F7556}") = "Tyuiu.BushlyaYaV.Sprint2.Task3.V21", "Tyuiu.BushlyaYaV.Sprint2.Task3.V21\Tyuiu.BushlyaYaV.Sprint2.Task3.V21.csproj", "{CCF76C63-EC63-43D5-A242-874C3EB9A47C}"
EndProject
Project("{9A19103F-16F7-4668-BE54-9A1E7A4F7556}") = "Tyuiu.BushlyaYaV.Sprint2.Task3.V21.Lib", "Tyuiu.BushlyaYaV.Sprint2.Task3.V21.Lib\Tyuiu.BushlyaYaV.Sprint2.Task3.V21.Lib.csproj", "{5963F17C-8E38-48C5-AF21-14C86A81F89A}"
EndProject
Project("{9A19103F-16F7-4668-BE54-9A1E7A4F7556}") = "Tyuiu.BushlyaYaV.Sprint2.Task3.V21.Test", "Tyuiu.BushlyaYaV.Sprint2.Task3.V21.Test\Tyuiu.BushlyaYaV.Sprint2.Task3.V21.Test.csproj", "{A62E0DCE-9CC8-4B92-B671-7AAC5BABAB1A}"
EndProject
Project("{2150E333-8FDC-42A3-9474-1A3956D46DE8}") = "Task4", "Task4", "{ABDAE245-00E1-4B9B-B973-81D1D73F5021}"
EndProject
Project("{9A19103F-16F7-4668-BE54-9A1E7A4F7556}") = "Tyuiu.BushlyaYaV.Sprint2.Task4.V5", "Tyuiu.BushlyaYaV.Sprint2.Task4.V5\Tyuiu.BushlyaYaV.Sprint2.Task4.V5.csproj", "{880387A2-8EB5-4254-9FBE-A69D743C227B}"
EndProject
Project("{9A19103F-16F7-4668-BE54-9A1E7A4F7556}") = "Tyuiu.BushlyaYaV.Sprint2.Task4.V5.Lib", "Tyuiu.BushlyaYaV.Sprint2.Task4.V5.Lib\Tyuiu.BushlyaYaV.Sprint2.Task4.V5.Lib.csproj", "{7AB6C4F3-5CD2-4D63-AD49-71BB58604BA8}"
EndProject
Project("{9A19103F-16F7-4668-BE54-9A1E7A4F7556}") = "Tyuiu.BushlyaYaV.Sprint2.Task4.V5.Test", "Tyuiu.BushlyaYaV.Sprint2.Task4.V5.Test\Tyuiu.BushlyaYaV.Sprint2.Task4.V5.Test.csproj", "{586895DB-DD7B-47A0-8FE3-5889EBE204A9}"
EndProject
Project("{2150E333-8FDC-42A3-9474-1A3956D46DE8}") = "Task5", "Task5", "{9DBE5831-657C-4431-A1ED-4743B51A4BDE}"
EndProject
Project("{9A19103F-16F7-4668-BE54-9A1E7A4F7556}") = "Tyuiu.BushlyaYaV.Sprint2.Task5.V5", "Tyuiu.BushlyaYaV.Sprint2.Task5.V5\Tyuiu.BushlyaYaV.Sprint2.Task5.V5.csproj", "{D08BF107-28C9-45BD-BE1E-15BB6D4A257F}"
EndProject
Project("{9A19103F-16F7-4668-BE54-9A1E7A4F7556}") = "Tyuiu.BushlyaYaV.Sprint2.Task5.V5.Lib", "Tyuiu.BushlyaYaV.Sprint2.Task5.V5.Lib\Tyuiu.BushlyaYaV.Sprint2.Task5.V5.Lib.csproj", "{EED32403-9FA0-472E-A5B9-8B080D07536D}"
EndProject
Project("{9A19103F-16F7-4668-BE54-9A1E7A4F7556}") = "Tyuiu.BushlyaYaV.Sprint2.Task5.V5.Test", "Tyuiu.BushlyaYaV.Sprint2.Task5.V5.Test\Tyuiu.BushlyaYaV.Sprint2.Task5.V5.Test.csproj", "{93AF9C8B-C4B8-4383-B24C-396AF43F3236}"
EndProject
Project("{2150E333-8FDC-42A3-9474-1A3956D46DE8}") = "Task6", "Task6", "{73798C53-D9A8-43FD-844E-64F0F534D962}"
EndProject
Project("{FAE04EC0-301F-11D3-BF4B-00C04F79EFBC}") = "Tyuiu.BushlyaYaV.Sprint2.Task6.V2", "Tyuiu.BushlyaYaV.Sprint2.Task6.V2\Tyuiu.BushlyaYaV.Sprint2.Task6.V2.csproj", "{1B1A96C6-77A8-4CF8-8CBD-DF0DDF50DA0C}"
EndProject
Project("{FAE04EC0-301F-11D3-BF4B-00C04F79EFBC}") = "Tyuiu.BushlyaYaV.Sprint2.Task6.V2.Lib", "Tyuiu.BushlyaYaV.Sprint2.Task6.V2.Lib\Tyuiu.BushlyaYaV.Sprint2.Task6.V2.Lib.csproj", "{0DF285E0-4FBC-482E-A9CA-36003CA47DE3}"
EndProject
Project("{FAE04EC0-301F-11D3-BF4B-00C04F79EFBC}") = "Tyuiu.BushlyaYaV.Sprint2.Task6.V2.Test", "Tyuiu.BushlyaYaV.Sprint2.Task6.V2.Test\Tyuiu.BushlyaYaV.Sprint2.Task6.V2.Test.csproj", "{25E3D1B9-2D33-424B-9F32-E86A1EAFE4DA}"
EndProject
Global
	GlobalSection(SolutionConfigurationPlatforms) = preSolution
		Debug|Any CPU = Debug|Any CPU
		Release|Any CPU = Release|Any CPU
	EndGlobalSection
	GlobalSection(ProjectConfigurationPlatforms) = postSolution
		{88A5E3D6-D5A1-4410-A671-D8F1525D0F0C}.Debug|Any CPU.ActiveCfg = Debug|Any CPU
		{88A5E3D6-D5A1-4410-A671-D8F1525D0F0C}.Debug|Any CPU.Build.0 = Debug|Any CPU
		{88A5E3D6-D5A1-4410-A671-D8F1525D0F0C}.Release|Any CPU.ActiveCfg = Release|Any CPU
		{88A5E3D6-D5A1-4410-A671-D8F1525D0F0C}.Release|Any CPU.Build.0 = Release|Any CPU
		{5E7BF65F-1712-4C56-B5A3-D349A9185F32}.Debug|Any CPU.ActiveCfg = Debug|Any CPU
		{5E7BF65F-1712-4C56-B5A3-D349A9185F32}.Debug|Any CPU.Build.0 = Debug|Any CPU
		{5E7BF65F-1712-4C56-B5A3-D349A9185F32}.Release|Any CPU.ActiveCfg = Release|Any CPU
		{5E7BF65F-1712-4C56-B5A3-D349A9185F32}.Release|Any CPU.Build.0 = Release|Any CPU
		{981D1B9E-E865-45B9-83B9-F90B378F189D}.Debug|Any CPU.ActiveCfg = Debug|Any CPU
		{981D1B9E-E865-45B9-83B9-F90B378F189D}.Debug|Any CPU.Build.0 = Debug|Any CPU
		{981D1B9E-E865-45B9-83B9-F90B378F189D}.Release|Any CPU.ActiveCfg = Release|Any CPU
		{981D1B9E-E865-45B9-83B9-F90B378F189D}.Release|Any CPU.Build.0 = Release|Any CPU
		{FCDE5E18-5F15-4AB1-B9E5-256D6937C905}.Debug|Any CPU.ActiveCfg = Debug|Any CPU
		{FCDE5E18-5F15-4AB1-B9E5-256D6937C905}.Debug|Any CPU.Build.0 = Debug|Any CPU
		{FCDE5E18-5F15-4AB1-B9E5-256D6937C905}.Release|Any CPU.ActiveCfg = Release|Any CPU
		{FCDE5E18-5F15-4AB1-B9E5-256D6937C905}.Release|Any CPU.Build.0 = Release|Any CPU
		{442DBF8C-11BD-489A-8D98-E6A5878CF752}.Debug|Any CPU.ActiveCfg = Debug|Any CPU
		{442DBF8C-11BD-489A-8D98-E6A5878CF752}.Debug|Any CPU.Build.0 = Debug|Any CPU
		{442DBF8C-11BD-489A-8D98-E6A5878CF752}.Release|Any CPU.ActiveCfg = Release|Any CPU
		{442DBF8C-11BD-489A-8D98-E6A5878CF752}.Release|Any CPU.Build.0 = Release|Any CPU
		{9A43BC54-308D-4B3B-92BF-B23BC8206E36}.Debug|Any CPU.ActiveCfg = Debug|Any CPU
		{9A43BC54-308D-4B3B-92BF-B23BC8206E36}.Debug|Any CPU.Build.0 = Debug|Any CPU
		{9A43BC54-308D-4B3B-92BF-B23BC8206E36}.Release|Any CPU.ActiveCfg = Release|Any CPU
		{9A43BC54-308D-4B3B-92BF-B23BC8206E36}.Release|Any CPU.Build.0 = Release|Any CPU
		{B47B01B5-0B27-4F37-BC71-811E200342FA}.Debug|Any CPU.ActiveCfg = Debug|Any CPU
		{B47B01B5-0B27-4F37-BC71-811E200342FA}.Debug|Any CPU.Build.0 = Debug|Any CPU
		{B47B01B5-0B27-4F37-BC71-811E200342FA}.Release|Any CPU.ActiveCfg = Release|Any CPU
		{B47B01B5-0B27-4F37-BC71-811E200342FA}.Release|Any CPU.Build.0 = Release|Any CPU
		{3A9D4852-CE9F-42B2-888F-162ACD3256B3}.Debug|Any CPU.ActiveCfg = Debug|Any CPU
		{3A9D4852-CE9F-42B2-888F-162ACD3256B3}.Debug|Any CPU.Build.0 = Debug|Any CPU
		{3A9D4852-CE9F-42B2-888F-162ACD3256B3}.Release|Any CPU.ActiveCfg = Release|Any CPU
		{3A9D4852-CE9F-42B2-888F-162ACD3256B3}.Release|Any CPU.Build.0 = Release|Any CPU
		{5E5C2865-3B64-4C9B-9787-3EB11236544C}.Debug|Any CPU.ActiveCfg = Debug|Any CPU
		{5E5C2865-3B64-4C9B-9787-3EB11236544C}.Debug|Any CPU.Build.0 = Debug|Any CPU
		{5E5C2865-3B64-4C9B-9787-3EB11236544C}.Release|Any CPU.ActiveCfg = Release|Any CPU
		{5E5C2865-3B64-4C9B-9787-3EB11236544C}.Release|Any CPU.Build.0 = Release|Any CPU
		{CCF76C63-EC63-43D5-A242-874C3EB9A47C}.Debug|Any CPU.ActiveCfg = Debug|Any CPU
		{CCF76C63-EC63-43D5-A242-874C3EB9A47C}.Debug|Any CPU.Build.0 = Debug|Any CPU
		{CCF76C63-EC63-43D5-A242-874C3EB9A47C}.Release|Any CPU.ActiveCfg = Release|Any CPU
		{CCF76C63-EC63-43D5-A242-874C3EB9A47C}.Release|Any CPU.Build.0 = Release|Any CPU
		{5963F17C-8E38-48C5-AF21-14C86A81F89A}.Debug|Any CPU.ActiveCfg = Debug|Any CPU
		{5963F17C-8E38-48C5-AF21-14C86A81F89A}.Debug|Any CPU.Build.0 = Debug|Any CPU
		{5963F17C-8E38-48C5-AF21-14C86A81F89A}.Release|Any CPU.ActiveCfg = Release|Any CPU
		{5963F17C-8E38-48C5-AF21-14C86A81F89A}.Release|Any CPU.Build.0 = Release|Any CPU
		{A62E0DCE-9CC8-4B92-B671-7AAC5BABAB1A}.Debug|Any CPU.ActiveCfg = Debug|Any CPU
		{A62E0DCE-9CC8-4B92-B671-7AAC5BABAB1A}.Debug|Any CPU.Build.0 = Debug|Any CPU
		{A62E0DCE-9CC8-4B92-B671-7AAC5BABAB1A}.Release|Any CPU.ActiveCfg = Release|Any CPU
		{A62E0DCE-9CC8-4B92-B671-7AAC5BABAB1A}.Release|Any CPU.Build.0 = Release|Any CPU
		{880387A2-8EB5-4254-9FBE-A69D743C227B}.Debug|Any CPU.ActiveCfg = Debug|Any CPU
		{880387A2-8EB5-4254-9FBE-A69D743C227B}.Debug|Any CPU.Build.0 = Debug|Any CPU
		{880387A2-8EB5-4254-9FBE-A69D743C227B}.Release|Any CPU.ActiveCfg = Release|Any CPU
		{880387A2-8EB5-4254-9FBE-A69D743C227B}.Release|Any CPU.Build.0 = Release|Any CPU
		{7AB6C4F3-5CD2-4D63-AD49-71BB58604BA8}.Debug|Any CPU.ActiveCfg = Debug|Any CPU
		{7AB6C4F3-5CD2-4D63-AD49-71BB58604BA8}.Debug|Any CPU.Build.0 = Debug|Any CPU
		{7AB6C4F3-5CD2-4D63-AD49-71BB58604BA8}.Release|Any CPU.ActiveCfg = Release|Any CPU
		{7AB6C4F3-5CD2-4D63-AD49-71BB58604BA8}.Release|Any CPU.Build.0 = Release|Any CPU
		{586895DB-DD7B-47A0-8FE3-5889EBE204A9}.Debug|Any CPU.ActiveCfg = Debug|Any CPU
		{586895DB-DD7B-47A0-8FE3-5889EBE204A9}.Debug|Any CPU.Build.0 = Debug|Any CPU
		{586895DB-DD7B-47A0-8FE3-5889EBE204A9}.Release|Any CPU.ActiveCfg = Release|Any CPU
		{586895DB-DD7B-47A0-8FE3-5889EBE204A9}.Release|Any CPU.Build.0 = Release|Any CPU
		{D08BF107-28C9-45BD-BE1E-15BB6D4A257F}.Debug|Any CPU.ActiveCfg = Debug|Any CPU
		{D08BF107-28C9-45BD-BE1E-15BB6D4A257F}.Debug|Any CPU.Build.0 = Debug|Any CPU
		{D08BF107-28C9-45BD-BE1E-15BB6D4A257F}.Release|Any CPU.ActiveCfg = Release|Any CPU
		{D08BF107-28C9-45BD-BE1E-15BB6D4A257F}.Release|Any CPU.Build.0 = Release|Any CPU
		{EED32403-9FA0-472E-A5B9-8B080D07536D}.Debug|Any CPU.ActiveCfg = Debug|Any CPU
		{EED32403-9FA0-472E-A5B9-8B080D07536D}.Debug|Any CPU.Build.0 = Debug|Any CPU
		{EED32403-9FA0-472E-A5B9-8B080D07536D}.Release|Any CPU.ActiveCfg = Release|Any CPU
		{EED32403-9FA0-472E-A5B9-8B080D07536D}.Release|Any CPU.Build.0 = Release|Any CPU
		{93AF9C8B-C4B8-4383-B24C-396AF43F3236}.Debug|Any CPU.ActiveCfg = Debug|Any CPU
		{93AF9C8B-C4B8-4383-B24C-396AF43F3236}.Debug|Any CPU.Build.0 = Debug|Any CPU
		{93AF9C8B-C4B8-4383-B24C-396AF43F3236}.Release|Any CPU.ActiveCfg = Release|Any CPU
		{93AF9C8B-C4B8-4383-B24C-396AF43F3236}.Release|Any CPU.Build.0 = Release|Any CPU
		{1B1A96C6-77A8-4CF8-8CBD-DF0DDF50DA0C}.Debug|Any CPU.ActiveCfg = Debug|Any CPU
		{1B1A96C6-77A8-4CF8-8CBD-DF0DDF50DA0C}.Debug|Any CPU.Build.0 = Debug|Any CPU
		{1B1A96C6-77A8-4CF8-8CBD-DF0DDF50DA0C}.Release|Any CPU.ActiveCfg = Release|Any CPU
		{1B1A96C6-77A8-4CF8-8CBD-DF0DDF50DA0C}.Release|Any CPU.Build.0 = Release|Any CPU
		{0DF285E0-4FBC-482E-A9CA-36003CA47DE3}.Debug|Any CPU.ActiveCfg = Debug|Any CPU
		{0DF285E0-4FBC-482E-A9CA-36003CA47DE3}.Debug|Any CPU.Build.0 = Debug|Any CPU
		{0DF285E0-4FBC-482E-A9CA-36003CA47DE3}.Release|Any CPU.ActiveCfg = Release|Any CPU
		{0DF285E0-4FBC-482E-A9CA-36003CA47DE3}.Release|Any CPU.Build.0 = Release|Any CPU
		{25E3D1B9-2D33-424B-9F32-E86A1EAFE4DA}.Debug|Any CPU.ActiveCfg = Debug|Any CPU
		{25E3D1B9-2D33-424B-9F32-E86A1EAFE4DA}.Debug|Any CPU.Build.0 = Debug|Any CPU
		{25E3D1B9-2D33-424B-9F32-E86A1EAFE4DA}.Release|Any CPU.ActiveCfg = Release|Any CPU
		{25E3D1B9-2D33-424B-9F32-E86A1EAFE4DA}.Release|Any CPU.Build.0 = Release|Any CPU
	EndGlobalSection
	GlobalSection(SolutionProperties) = preSolution
		HideSolutionNode = FALSE
	EndGlobalSection
	GlobalSection(NestedProjects) = preSolution
		{88A5E3D6-D5A1-4410-A671-D8F1525D0F0C} = {69BA6DCC-4BE8-4A99-977C-63FF8EC72090}
		{5E7BF65F-1712-4C56-B5A3-D349A9185F32} = {69BA6DCC-4BE8-4A99-977C-63FF8EC72090}
		{981D1B9E-E865-45B9-83B9-F90B378F189D} = {69BA6DCC-4BE8-4A99-977C-63FF8EC72090}
		{FCDE5E18-5F15-4AB1-B9E5-256D6937C905} = {EB4EED98-C35D-4836-AACF-E43E7B1B2C09}
		{442DBF8C-11BD-489A-8D98-E6A5878CF752} = {EB4EED98-C35D-4836-AACF-E43E7B1B2C09}
		{9A43BC54-308D-4B3B-92BF-B23BC8206E36} = {EB4EED98-C35D-4836-AACF-E43E7B1B2C09}
		{B47B01B5-0B27-4F37-BC71-811E200342FA} = {87673A2E-41D2-4775-AB19-07895E486415}
		{3A9D4852-CE9F-42B2-888F-162ACD3256B3} = {87673A2E-41D2-4775-AB19-07895E486415}
		{5E5C2865-3B64-4C9B-9787-3EB11236544C} = {87673A2E-41D2-4775-AB19-07895E486415}
		{CCF76C63-EC63-43D5-A242-874C3EB9A47C} = {1505AB96-F546-4D76-876B-C6527B917B77}
		{5963F17C-8E38-48C5-AF21-14C86A81F89A} = {1505AB96-F546-4D76-876B-C6527B917B77}
		{A62E0DCE-9CC8-4B92-B671-7AAC5BABAB1A} = {1505AB96-F546-4D76-876B-C6527B917B77}
		{880387A2-8EB5-4254-9FBE-A69D743C227B} = {ABDAE245-00E1-4B9B-B973-81D1D73F5021}
		{7AB6C4F3-5CD2-4D63-AD49-71BB58604BA8} = {ABDAE245-00E1-4B9B-B973-81D1D73F5021}
		{586895DB-DD7B-47A0-8FE3-5889EBE204A9} = {ABDAE245-00E1-4B9B-B973-81D1D73F5021}
		{D08BF107-28C9-45BD-BE1E-15BB6D4A257F} = {9DBE5831-657C-4431-A1ED-4743B51A4BDE}
		{EED32403-9FA0-472E-A5B9-8B080D07536D} = {9DBE5831-657C-4431-A1ED-4743B51A4BDE}
		{93AF9C8B-C4B8-4383-B24C-396AF43F3236} = {9DBE5831-657C-4431-A1ED-4743B51A4BDE}
		{1B1A96C6-77A8-4CF8-8CBD-DF0DDF50DA0C} = {73798C53-D9A8-43FD-844E-64F0F534D962}
		{0DF285E0-4FBC-482E-A9CA-36003CA47DE3} = {73798C53-D9A8-43FD-844E-64F0F534D962}
		{25E3D1B9-2D33-424B-9F32-E86A1EAFE4DA} = {73798C53-D9A8-43FD-844E-64F0F534D962}
	EndGlobalSection
	GlobalSection(ExtensibilityGlobals) = postSolution
		SolutionGuid = {076B56D3-FB51-46B7-8E82-713690E8F242}
	EndGlobalSection
EndGlobal
